
Microsoft Visual Studio Solution File, Format Version 12.00
# Visual Studio Version 17
VisualStudioVersion = 17.0.31903.59
MinimumVisualStudioVersion = 10.0.40219.1
Project("{FAE04EC0-301F-11D3-BF4B-00C04F79EFBC}") = "IAmFurkan.Api", "IAmFurkan.Api\IAmFurkan.Api.csproj", "{CFB3DCBB-1696-4361-AAF7-039069C1253A}"
EndProject
Project("{FAE04EC0-301F-11D3-BF4B-00C04F79EFBC}") = "IAmFurkan.Application", "IAmFurkan.Application\IAmFurkan.Application.csproj", "{6DF40D42-B6B4-4983-93A7-70BADD335697}"
EndProject
Project("{FAE04EC0-301F-11D3-BF4B-00C04F79EFBC}") = "IAmFurkan.Contracts", "IAmFurkan.Contracts\IAmFurkan.Contracts.csproj", "{1E5A1D8F-4FA6-45B7-B86D-A9464F3B71BA}"
EndProject
Project("{FAE04EC0-301F-11D3-BF4B-00C04F79EFBC}") = "IAmFurkan.Domain", "IAmFurkan.Domain\IAmFurkan.Domain.csproj", "{712DD7CC-B24A-4554-BE00-6C427FEB90B0}"
EndProject
Project("{FAE04EC0-301F-11D3-BF4B-00C04F79EFBC}") = "IAmFurkan.Infrastructure", "IAmFurkan.Infrastructure\IAmFurkan.Infrastructure.csproj", "{D7E8AE33-C37B-4033-A0D5-7D7FDBC7E9DB}"
EndProject
Global
	GlobalSection(SolutionConfigurationPlatforms) = preSolution
		Debug|Any CPU = Debug|Any CPU
		Release|Any CPU = Release|Any CPU
	EndGlobalSection
	GlobalSection(SolutionProperties) = preSolution
		HideSolutionNode = FALSE
	EndGlobalSection
	GlobalSection(ProjectConfigurationPlatforms) = postSolution
		{CFB3DCBB-1696-4361-AAF7-039069C1253A}.Debug|Any CPU.ActiveCfg = Debug|Any CPU
		{CFB3DCBB-1696-4361-AAF7-039069C1253A}.Debug|Any CPU.Build.0 = Debug|Any CPU
		{CFB3DCBB-1696-4361-AAF7-039069C1253A}.Release|Any CPU.ActiveCfg = Release|Any CPU
		{CFB3DCBB-1696-4361-AAF7-039069C1253A}.Release|Any CPU.Build.0 = Release|Any CPU
		{6DF40D42-B6B4-4983-93A7-70BADD335697}.Debug|Any CPU.ActiveCfg = Debug|Any CPU
		{6DF40D42-B6B4-4983-93A7-70BADD335697}.Debug|Any CPU.Build.0 = Debug|Any CPU
		{6DF40D42-B6B4-4983-93A7-70BADD335697}.Release|Any CPU.ActiveCfg = Release|Any CPU
		{6DF40D42-B6B4-4983-93A7-70BADD335697}.Release|Any CPU.Build.0 = Release|Any CPU
		{1E5A1D8F-4FA6-45B7-B86D-A9464F3B71BA}.Debug|Any CPU.ActiveCfg = Debug|Any CPU
		{1E5A1D8F-4FA6-45B7-B86D-A9464F3B71BA}.Debug|Any CPU.Build.0 = Debug|Any CPU
		{1E5A1D8F-4FA6-45B7-B86D-A9464F3B71BA}.Release|Any CPU.ActiveCfg = Release|Any CPU
		{1E5A1D8F-4FA6-45B7-B86D-A9464F3B71BA}.Release|Any CPU.Build.0 = Release|Any CPU
		{712DD7CC-B24A-4554-BE00-6C427FEB90B0}.Debug|Any CPU.ActiveCfg = Debug|Any CPU
		{712DD7CC-B24A-4554-BE00-6C427FEB90B0}.Debug|Any CPU.Build.0 = Debug|Any CPU
		{712DD7CC-B24A-4554-BE00-6C427FEB90B0}.Release|Any CPU.ActiveCfg = Release|Any CPU
		{712DD7CC-B24A-4554-BE00-6C427FEB90B0}.Release|Any CPU.Build.0 = Release|Any CPU
		{D7E8AE33-C37B-4033-A0D5-7D7FDBC7E9DB}.Debug|Any CPU.ActiveCfg = Debug|Any CPU
		{D7E8AE33-C37B-4033-A0D5-7D7FDBC7E9DB}.Debug|Any CPU.Build.0 = Debug|Any CPU
		{D7E8AE33-C37B-4033-A0D5-7D7FDBC7E9DB}.Release|Any CPU.ActiveCfg = Release|Any CPU
		{D7E8AE33-C37B-4033-A0D5-7D7FDBC7E9DB}.Release|Any CPU.Build.0 = Release|Any CPU
	EndGlobalSection
EndGlobal
